version = 1
revision = 1
requires-python = ">=3.13"

[manifest]
members = [
    "eventloop",
    "webrtc",
    "webrtc-rs",
]

[[package]]
name = "eventloop"
version = "0.1.0"
source = { editable = "packages/eventloop" }

[[package]]
name = "maturin"
version = "1.8.3"
source = { registry = "https://pypi.org/simple" }
sdist = { url = "https://files.pythonhosted.org/packages/30/0b/3fd746cf5cfa3c8d7e20ea08c0dbc2c2c765ae051d0fc43d808a38bc9548/maturin-1.8.3.tar.gz", hash = "sha256:304762f86fd53a8031b1bf006d12572a2aa0a5235485031113195cc0152e1e12", size = 199656 }
wheels = [
    { url = "https://files.pythonhosted.org/packages/78/80/08579d0184ba743345bbd350a3b6419510ff8a4f6e9e671f713160d41fbb/maturin-1.8.3-py3-none-linux_armv6l.whl", hash = "sha256:fa27466b627150123729b2e611f9f9cfade84d24385d72c6877f78c30de30e89", size = 7758366 },
    { url = "https://files.pythonhosted.org/packages/87/1c/00755d28ae277daa828e183c3d118e2923e8b8f0cba4ff708b15d274ac0e/maturin-1.8.3-py3-none-macosx_10_12_x86_64.macosx_11_0_arm64.macosx_10_12_universal2.whl", hash = "sha256:583404d20d7f1d9c8f3c18dcab9014faacabbed6be02da80062c06cd0e279554", size = 15201378 },
    { url = "https://files.pythonhosted.org/packages/58/9f/b8738dc55ba3eb149ad2686d3f9b3c24e44b7baff46cc6baa85e5dc8cf5e/maturin-1.8.3-py3-none-macosx_10_12_x86_64.whl", hash = "sha256:f9ffdac53dfe0089cf19b597410bc552eb34c856ddb41482b243a695e8b549d3", size = 7934215 },
    { url = "https://files.pythonhosted.org/packages/18/68/300f1a279486d6f63b624a76b81f0fba82545d027127c1ca4d5ded0d1b43/maturin-1.8.3-py3-none-manylinux_2_12_i686.manylinux2010_i686.musllinux_1_1_i686.whl", hash = "sha256:7949a4a17637341f84e88f4cbf0c155998780bbb7a145ed735725b907881c0ae", size = 7791270 },
    { url = "https://files.pythonhosted.org/packages/2e/6d/bf1b8bb9a8b1d9adad242b4089794be318446142975762d04f04ffabae40/maturin-1.8.3-py3-none-manylinux_2_12_x86_64.manylinux2010_x86_64.musllinux_1_1_x86_64.whl", hash = "sha256:11564fac7486313b7baf3aa4e82c20e1b20364aad3fde2ccbc4c07693c0b7e16", size = 8282824 },
    { url = "https://files.pythonhosted.org/packages/18/e9/c601de8699e546774d3f9e761eab374988f88e4ed7006afbb5ff61bb41c0/maturin-1.8.3-py3-none-manylinux_2_17_aarch64.manylinux2014_aarch64.musllinux_1_1_aarch64.whl", hash = "sha256:8555d8701cdba6c19c4705a22ce4d2a1814efd792f55dc5873262ff903317540", size = 7595855 },
    { url = "https://files.pythonhosted.org/packages/34/b8/82ae650e6b589289f4219a480f2b220bcf3d9391ae9ea02cc7a58ef59cfc/maturin-1.8.3-py3-none-manylinux_2_17_armv7l.manylinux2014_armv7l.musllinux_1_1_armv7l.whl", hash = "sha256:5b2a513468c1c9b4d1728d4b6d3d044b7c183985ef819c9ef15e373b70d99c7d", size = 7634888 },
    { url = "https://files.pythonhosted.org/packages/ac/4a/4f898a66cf4697267c447a6f240b6cbcc2dcacd3cab89735bfbd44810be1/maturin-1.8.3-py3-none-manylinux_2_17_ppc64le.manylinux2014_ppc64le.musllinux_1_1_ppc64le.whl", hash = "sha256:2fe8fdff420cfccde127bbc3d8e40835163dcebb6d28c49fffd9aaf1e6ec1090", size = 9810616 },
    { url = "https://files.pythonhosted.org/packages/31/bd/21b0d471e6ade0801f27c33672bca4d563eb1d1e624e534f3bef8a01b1ac/maturin-1.8.3-py3-none-manylinux_2_17_s390x.manylinux2014_s390x.whl", hash = "sha256:22cd8b6dc490fee99a62590f914f0c04ddad1dd6dbd5c7e933b3f882b1bd78c2", size = 10923701 },
    { url = "https://files.pythonhosted.org/packages/6c/07/85c32f03ed757c0626e2fc5a9d6454988228be96a756991702a2a757691b/maturin-1.8.3-py3-none-win32.whl", hash = "sha256:2427924546c9d1079b1c0c6c5c1d380e1b8187baba4e6342cca81597a0f3d697", size = 7016502 },
    { url = "https://files.pythonhosted.org/packages/d5/62/f92a130a370dd7aca13c316844b82853647f048cfe1594a81f628ab7101f/maturin-1.8.3-py3-none-win_amd64.whl", hash = "sha256:85f2b882d8235c1c1cb0a38d382ccd5b3ba0674d99cb548d49df9342cc688e36", size = 7953286 },
    { url = "https://files.pythonhosted.org/packages/04/95/8379140838cd95472de843e982d0bf674e8dbf25a899c44e2f76b15704d9/maturin-1.8.3-py3-none-win_arm64.whl", hash = "sha256:33939aabf9a06a8a14ca6c399d32616c7e574fcca8d4ff6dcd984441051f32fb", size = 6687772 },
]

[[package]]
name = "psutil"
version = "7.0.0"
source = { registry = "https://pypi.org/simple" }
sdist = { url = "https://files.pythonhosted.org/packages/2a/80/336820c1ad9286a4ded7e845b2eccfcb27851ab8ac6abece774a6ff4d3de/psutil-7.0.0.tar.gz", hash = "sha256:7be9c3eba38beccb6495ea33afd982a44074b78f28c434a1f51cc07fd315c456", size = 497003 }
wheels = [
    { url = "https://files.pythonhosted.org/packages/ed/e6/2d26234410f8b8abdbf891c9da62bee396583f713fb9f3325a4760875d22/psutil-7.0.0-cp36-abi3-macosx_10_9_x86_64.whl", hash = "sha256:101d71dc322e3cffd7cea0650b09b3d08b8e7c4109dd6809fe452dfd00e58b25", size = 238051 },
    { url = "https://files.pythonhosted.org/packages/04/8b/30f930733afe425e3cbfc0e1468a30a18942350c1a8816acfade80c005c4/psutil-7.0.0-cp36-abi3-macosx_11_0_arm64.whl", hash = "sha256:39db632f6bb862eeccf56660871433e111b6ea58f2caea825571951d4b6aa3da", size = 239535 },
    { url = "https://files.pythonhosted.org/packages/2a/ed/d362e84620dd22876b55389248e522338ed1bf134a5edd3b8231d7207f6d/psutil-7.0.0-cp36-abi3-manylinux_2_12_i686.manylinux2010_i686.manylinux_2_17_i686.manylinux2014_i686.whl", hash = "sha256:1fcee592b4c6f146991ca55919ea3d1f8926497a713ed7faaf8225e174581e91", size = 275004 },
    { url = "https://files.pythonhosted.org/packages/bf/b9/b0eb3f3cbcb734d930fdf839431606844a825b23eaf9a6ab371edac8162c/psutil-7.0.0-cp36-abi3-manylinux_2_12_x86_64.manylinux2010_x86_64.manylinux_2_17_x86_64.manylinux2014_x86_64.whl", hash = "sha256:4b1388a4f6875d7e2aff5c4ca1cc16c545ed41dd8bb596cefea80111db353a34", size = 277986 },
    { url = "https://files.pythonhosted.org/packages/eb/a2/709e0fe2f093556c17fbafda93ac032257242cabcc7ff3369e2cb76a97aa/psutil-7.0.0-cp36-abi3-manylinux_2_17_aarch64.manylinux2014_aarch64.whl", hash = "sha256:a5f098451abc2828f7dc6b58d44b532b22f2088f4999a937557b603ce72b1993", size = 279544 },
    { url = "https://files.pythonhosted.org/packages/50/e6/eecf58810b9d12e6427369784efe814a1eec0f492084ce8eb8f4d89d6d61/psutil-7.0.0-cp37-abi3-win32.whl", hash = "sha256:ba3fcef7523064a6c9da440fc4d6bd07da93ac726b5733c29027d7dc95b39d99", size = 241053 },
    { url = "https://files.pythonhosted.org/packages/50/1b/6921afe68c74868b4c9fa424dad3be35b095e16687989ebbb50ce4fceb7c/psutil-7.0.0-cp37-abi3-win_amd64.whl", hash = "sha256:4cf3d4eb1aa9b348dec30105c55cd9b7d4629285735a102beb4441e38db90553", size = 244885 },
]

[[package]]
name = "webrtc"
version = "0.1.0"
source = { editable = "." }
dependencies = [
    { name = "eventloop" },
    { name = "maturin" },
    { name = "psutil" },
    { name = "webrtc-rs" },
]

[package.metadata]
requires-dist = [
    { name = "eventloop", editable = "packages/eventloop" },
    { name = "maturin", specifier = ">=1.8.3" },
    { name = "psutil", specifier = ">=7.0.0" },
    { name = "webrtc-rs", editable = "packages/webrtc_rs" },
]

[[package]]
name = "webrtc-rs"
version = "0.1.0"
source = { editable = "packages/webrtc_rs" }
